// !$*UTF8*$!
{
	archiveVersion = 1;
	classes = {
	};
	objectVersion = 50;
	objects = {

/* Begin PBXBuildFile section */
		171279B223FFF4B100C8233C /* AppDelegate.swift in Sources */ = {isa = PBXBuildFile; fileRef = 171279B123FFF4B100C8233C /* AppDelegate.swift */; };
		171279B423FFF4B100C8233C /* SceneDelegate.swift in Sources */ = {isa = PBXBuildFile; fileRef = 171279B323FFF4B100C8233C /* SceneDelegate.swift */; };
		171279B623FFF4B100C8233C /* ViewController.swift in Sources */ = {isa = PBXBuildFile; fileRef = 171279B523FFF4B100C8233C /* ViewController.swift */; };
		171279B923FFF4B100C8233C /* Main.storyboard in Resources */ = {isa = PBXBuildFile; fileRef = 171279B723FFF4B100C8233C /* Main.storyboard */; };
		171279BB23FFF4B400C8233C /* Assets.xcassets in Resources */ = {isa = PBXBuildFile; fileRef = 171279BA23FFF4B400C8233C /* Assets.xcassets */; };
		171279BE23FFF4B400C8233C /* LaunchScreen.storyboard in Resources */ = {isa = PBXBuildFile; fileRef = 171279BC23FFF4B400C8233C /* LaunchScreen.storyboard */; };
		171279C623FFF82B00C8233C /* InfoCell.swift in Sources */ = {isa = PBXBuildFile; fileRef = 171279C523FFF82B00C8233C /* InfoCell.swift */; };
		17DB7DA523FFFBC100E1FA91 /* InfoStruct.swift in Sources */ = {isa = PBXBuildFile; fileRef = 17DB7DA423FFFBC100E1FA91 /* InfoStruct.swift */; };
		17DB7DA72400103000E1FA91 /* WebviewVC.swift in Sources */ = {isa = PBXBuildFile; fileRef = 17DB7DA62400103000E1FA91 /* WebviewVC.swift */; };
		4F47C8105A1BD4D4F65FA770 /* Pods_techTest.framework in Frameworks */ = {isa = PBXBuildFile; fileRef = 3FE4005ECE751F1D0551B03E /* Pods_techTest.framework */; };
/* End PBXBuildFile section */

/* Begin PBXFileReference section */
		171279AE23FFF4B100C8233C /* techTest.app */ = {isa = PBXFileReference; explicitFileType = wrapper.application; includeInIndex = 0; path = techTest.app; sourceTree = BUILT_PRODUCTS_DIR; };
		171279B123FFF4B100C8233C /* AppDelegate.swift */ = {isa = PBXFileReference; lastKnownFileType = sourcecode.swift; path = AppDelegate.swift; sourceTree = "<group>"; };
		171279B323FFF4B100C8233C /* SceneDelegate.swift */ = {isa = PBXFileReference; lastKnownFileType = sourcecode.swift; path = SceneDelegate.swift; sourceTree = "<group>"; };
		171279B523FFF4B100C8233C /* ViewController.swift */ = {isa = PBXFileReference; lastKnownFileType = sourcecode.swift; path = ViewController.swift; sourceTree = "<group>"; };
		171279B823FFF4B100C8233C /* Base */ = {isa = PBXFileReference; lastKnownFileType = file.storyboard; name = Base; path = Base.lproj/Main.storyboard; sourceTree = "<group>"; };
		171279BA23FFF4B400C8233C /* Assets.xcassets */ = {isa = PBXFileReference; lastKnownFileType = folder.assetcatalog; path = Assets.xcassets; sourceTree = "<group>"; };
		171279BD23FFF4B400C8233C /* Base */ = {isa = PBXFileReference; lastKnownFileType = file.storyboard; name = Base; path = Base.lproj/LaunchScreen.storyboard; sourceTree = "<group>"; };
		171279BF23FFF4B400C8233C /* Info.plist */ = {isa = PBXFileReference; lastKnownFileType = text.plist.xml; path = Info.plist; sourceTree = "<group>"; };
		171279C523FFF82B00C8233C /* InfoCell.swift */ = {isa = PBXFileReference; lastKnownFileType = sourcecode.swift; path = InfoCell.swift; sourceTree = "<group>"; };
		17DB7DA423FFFBC100E1FA91 /* InfoStruct.swift */ = {isa = PBXFileReference; lastKnownFileType = sourcecode.swift; path = InfoStruct.swift; sourceTree = "<group>"; };
		17DB7DA62400103000E1FA91 /* WebviewVC.swift */ = {isa = PBXFileReference; lastKnownFileType = sourcecode.swift; path = WebviewVC.swift; sourceTree = "<group>"; };
		3FE4005ECE751F1D0551B03E /* Pods_techTest.framework */ = {isa = PBXFileReference; explicitFileType = wrapper.framework; includeInIndex = 0; path = Pods_techTest.framework; sourceTree = BUILT_PRODUCTS_DIR; };
		5DEB8EA62C9AEA6983AC6A5C /* Pods-techTest.release.xcconfig */ = {isa = PBXFileReference; includeInIndex = 1; lastKnownFileType = text.xcconfig; name = "Pods-techTest.release.xcconfig"; path = "Target Support Files/Pods-techTest/Pods-techTest.release.xcconfig"; sourceTree = "<group>"; };
		A92E7AE6936A6E17D1456C59 /* Pods-techTest.debug.xcconfig */ = {isa = PBXFileReference; includeInIndex = 1; lastKnownFileType = text.xcconfig; name = "Pods-techTest.debug.xcconfig"; path = "Target Support Files/Pods-techTest/Pods-techTest.debug.xcconfig"; sourceTree = "<group>"; };
/* End PBXFileReference section */

/* Begin PBXFrameworksBuildPhase section */
		171279AB23FFF4B100C8233C /* Frameworks */ = {
			isa = PBXFrameworksBuildPhase;
			buildActionMask = 2147483647;
			files = (
				4F47C8105A1BD4D4F65FA770 /* Pods_techTest.framework in Frameworks */,
			);
			runOnlyForDeploymentPostprocessing = 0;
		};
/* End PBXFrameworksBuildPhase section */

/* Begin PBXGroup section */
		171279A523FFF4B100C8233C = {
			isa = PBXGroup;
			children = (
				171279B023FFF4B100C8233C /* techTest */,
				171279AF23FFF4B100C8233C /* Products */,
				3AE34BA09EE2FA72FD864582 /* Pods */,
				61D61581B12493AC4A970230 /* Frameworks */,
			);
			sourceTree = "<group>";
		};
		171279AF23FFF4B100C8233C /* Products */ = {
			isa = PBXGroup;
			children = (
				171279AE23FFF4B100C8233C /* techTest.app */,
			);
			name = Products;
			sourceTree = "<group>";
		};
		171279B023FFF4B100C8233C /* techTest */ = {
			isa = PBXGroup;
			children = (
				171279B123FFF4B100C8233C /* AppDelegate.swift */,
				171279B323FFF4B100C8233C /* SceneDelegate.swift */,
				171279B523FFF4B100C8233C /* ViewController.swift */,
				17DB7DA423FFFBC100E1FA91 /* InfoStruct.swift */,
				171279B723FFF4B100C8233C /* Main.storyboard */,
				171279C523FFF82B00C8233C /* InfoCell.swift */,
				171279BA23FFF4B400C8233C /* Assets.xcassets */,
				171279BC23FFF4B400C8233C /* LaunchScreen.storyboard */,
				171279BF23FFF4B400C8233C /* Info.plist */,
				17DB7DA62400103000E1FA91 /* WebviewVC.swift */,
			);
			path = techTest;
			sourceTree = "<group>";
		};
		3AE34BA09EE2FA72FD864582 /* Pods */ = {
			isa = PBXGroup;
			children = (
				A92E7AE6936A6E17D1456C59 /* Pods-techTest.debug.xcconfig */,
				5DEB8EA62C9AEA6983AC6A5C /* Pods-techTest.release.xcconfig */,
			);
			name = Pods;
			path = Pods;
			sourceTree = "<group>";
		};
		61D61581B12493AC4A970230 /* Frameworks */ = {
			isa = PBXGroup;
			children = (
				3FE4005ECE751F1D0551B03E /* Pods_techTest.framework */,
			);
			name = Frameworks;
			sourceTree = "<group>";
		};
/* End PBXGroup section */

/* Begin PBXNativeTarget section */
		171279AD23FFF4B100C8233C /* techTest */ = {
			isa = PBXNativeTarget;
			buildConfigurationList = 171279C223FFF4B400C8233C /* Build configuration list for PBXNativeTarget "techTest" */;
			buildPhases = (
				2C2E73D2CB834C42DFEF64BC /* [CP] Check Pods Manifest.lock */,
				171279AA23FFF4B100C8233C /* Sources */,
				171279AB23FFF4B100C8233C /* Frameworks */,
				171279AC23FFF4B100C8233C /* Resources */,
				D408D05DB672BB197D52C54D /* [CP] Embed Pods Frameworks */,
			);
			buildRules = (
			);
			dependencies = (
			);
			name = techTest;
			productName = techTest;
			productReference = 171279AE23FFF4B100C8233C /* techTest.app */;
			productType = "com.apple.product-type.application";
		};
/* End PBXNativeTarget section */

/* Begin PBXProject section */
		171279A623FFF4B100C8233C /* Project object */ = {
			isa = PBXProject;
			attributes = {
				LastSwiftUpdateCheck = 1130;
				LastUpgradeCheck = 1130;
				ORGANIZATIONNAME = "Supanut Laddayam";
				TargetAttributes = {
					171279AD23FFF4B100C8233C = {
						CreatedOnToolsVersion = 11.3;
					};
				};
			};
			buildConfigurationList = 171279A923FFF4B100C8233C /* Build configuration list for PBXProject "techTest" */;
			compatibilityVersion = "Xcode 9.3";
			developmentRegion = en;
			hasScannedForEncodings = 0;
			knownRegions = (
				en,
				Base,
			);
			mainGroup = 171279A523FFF4B100C8233C;
			productRefGroup = 171279AF23FFF4B100C8233C /* Products */;
			projectDirPath = "";
			projectRoot = "";
			targets = (
				171279AD23FFF4B100C8233C /* techTest */,
			);
		};
/* End PBXProject section */

/* Begin PBXResourcesBuildPhase section */
		171279AC23FFF4B100C8233C /* Resources */ = {
			isa = PBXResourcesBuildPhase;
			buildActionMask = 2147483647;
			files = (
				171279BE23FFF4B400C8233C /* LaunchScreen.storyboard in Resources */,
				171279BB23FFF4B400C8233C /* Assets.xcassets in Resources */,
				171279B923FFF4B100C8233C /* Main.storyboard in Resources */,
			);
			runOnlyForDeploymentPostprocessing = 0;
		};
/* End PBXResourcesBuildPhase section */

/* Begin PBXShellScriptBuildPhase section */
		2C2E73D2CB834C42DFEF64BC /* [CP] Check Pods Manifest.lock */ = {
			isa = PBXShellScriptBuildPhase;
			buildActionMask = 2147483647;
			files = (
			);
			inputFileListPaths = (
			);
			inputPaths = (
				"${PODS_PODFILE_DIR_PATH}/Podfile.lock",
				"${PODS_ROOT}/Manifest.lock",
			);
			name = "[CP] Check Pods Manifest.lock";
			outputFileListPaths = (
			);
			outputPaths = (
				"$(DERIVED_FILE_DIR)/Pods-techTest-checkManifestLockResult.txt",
			);
			runOnlyForDeploymentPostprocessing = 0;
			shellPath = /bin/sh;
			shellScript = "diff \"${PODS_PODFILE_DIR_PATH}/Podfile.lock\" \"${PODS_ROOT}/Manifest.lock\" > /dev/null\nif [ $? != 0 ] ; then\n    # print error to STDERR\n    echo \"error: The sandbox is not in sync with the Podfile.lock. Run 'pod install' or update your CocoaPods installation.\" >&2\n    exit 1\nfi\n# This output is used by Xcode 'outputs' to avoid re-running this script phase.\necho \"SUCCESS\" > \"${SCRIPT_OUTPUT_FILE_0}\"\n";
			showEnvVarsInLog = 0;
		};
		D408D05DB672BB197D52C54D /* [CP] Embed Pods Frameworks */ = {
			isa = PBXShellScriptBuildPhase;
			buildActionMask = 2147483647;
			files = (
			);
			inputFileListPaths = (
				"${PODS_ROOT}/Target Support Files/Pods-techTest/Pods-techTest-frameworks-${CONFIGURATION}-input-files.xcfilelist",
			);
			name = "[CP] Embed Pods Frameworks";
			outputFileListPaths = (
				"${PODS_ROOT}/Target Support Files/Pods-techTest/Pods-techTest-frameworks-${CONFIGURATION}-output-files.xcfilelist",
			);
			runOnlyForDeploymentPostprocessing = 0;
			shellPath = /bin/sh;
			shellScript = "\"${PODS_ROOT}/Target Support Files/Pods-techTest/Pods-techTest-frameworks.sh\"\n";
			showEnvVarsInLog = 0;
		};
/* End PBXShellScriptBuildPhase section */

/* Begin PBXSourcesBuildPhase section */
		171279AA23FFF4B100C8233C /* Sources */ = {
			isa = PBXSourcesBuildPhase;
			buildActionMask = 2147483647;
			files = (
				17DB7DA523FFFBC100E1FA91 /* InfoStruct.swift in Sources */,
				171279B623FFF4B100C8233C /* ViewController.swift in Sources */,
				17DB7DA72400103000E1FA91 /* WebviewVC.swift in Sources */,
				171279C623FFF82B00C8233C /* InfoCell.swift in Sources */,
				171279B223FFF4B100C8233C /* AppDelegate.swift in Sources */,
				171279B423FFF4B100C8233C /* SceneDelegate.swift in Sources */,
			);
			runOnlyForDeploymentPostprocessing = 0;
		};
/* End PBXSourcesBuildPhase section */

/* Begin PBXVariantGroup section */
		171279B723FFF4B100C8233C /* Main.storyboard */ = {
			isa = PBXVariantGroup;
			children = (
				171279B823FFF4B100C8233C /* Base */,
			);
			name = Main.storyboard;
			sourceTree = "<group>";
		};
		171279BC23FFF4B400C8233C /* LaunchScreen.storyboard */ = {
			isa = PBXVariantGroup;
			children = (
				171279BD23FFF4B400C8233C /* Base */,
			);
			name = LaunchScreen.storyboard;
			sourceTree = "<group>";
		};
/* End PBXVariantGroup section */

/* Begin XCBuildConfiguration section */
		171279C023FFF4B400C8233C /* Debug */ = {
			isa = XCBuildConfiguration;
			buildSettings = {
				ALWAYS_SEARCH_USER_PATHS = NO;
				CLANG_ANALYZER_NONNULL = YES;
				CLANG_ANALYZER_NUMBER_OBJECT_CONVERSION = YES_AGGRESSIVE;
				CLANG_CXX_LANGUAGE_STANDARD = "gnu++14";
				CLANG_CXX_LIBRARY = "libc++";
				CLANG_ENABLE_MODULES = YES;
				CLANG_ENABLE_OBJC_ARC = YES;
				CLANG_ENABLE_OBJC_WEAK = YES;
				CLANG_WARN_BLOCK_CAPTURE_AUTORELEASING = YES;
				CLANG_WARN_BOOL_CONVERSION = YES;
				CLANG_WARN_COMMA = YES;
				CLANG_WARN_CONSTANT_CONVERSION = YES;
				CLANG_WARN_DEPRECATED_OBJC_IMPLEMENTATIONS = YES;
				CLANG_WARN_DIRECT_OBJC_ISA_USAGE = YES_ERROR;
				CLANG_WARN_DOCUMENTATION_COMMENTS = YES;
				CLANG_WARN_EMPTY_BODY = YES;
				CLANG_WARN_ENUM_CONVERSION = YES;
				CLANG_WARN_INFINITE_RECURSION = YES;
				CLANG_WARN_INT_CONVERSION = YES;
				CLANG_WARN_NON_LITERAL_NULL_CONVERSION = YES;
				CLANG_WARN_OBJC_IMPLICIT_RETAIN_SELF = YES;
				CLANG_WARN_OBJC_LITERAL_CONVERSION = YES;
				CLANG_WARN_OBJC_ROOT_CLASS = YES_ERROR;
				CLANG_WARN_RANGE_LOOP_ANALYSIS = YES;
				CLANG_WARN_STRICT_PROTOTYPES = YES;
				CLANG_WARN_SUSPICIOUS_MOVE = YES;
				CLANG_WARN_UNGUARDED_AVAILABILITY = YES_AGGRESSIVE;
				CLANG_WARN_UNREACHABLE_CODE = YES;
				CLANG_WARN__DUPLICATE_METHOD_MATCH = YES;
				COPY_PHASE_STRIP = NO;
				DEBUG_INFORMATION_FORMAT = dwarf;
				ENABLE_STRICT_OBJC_MSGSEND = YES;
				ENABLE_TESTABILITY = YES;
				GCC_C_LANGUAGE_STANDARD = gnu11;
				GCC_DYNAMIC_NO_PIC = NO;
				GCC_NO_COMMON_BLOCKS = YES;
				GCC_OPTIMIZATION_LEVEL = 0;
				GCC_PREPROCESSOR_DEFINITIONS = (
					"DEBUG=1",
					"$(inherited)",
				);
				GCC_WARN_64_TO_32_BIT_CONVERSION = YES;
				GCC_WARN_ABOUT_RETURN_TYPE = YES_ERROR;
				GCC_WARN_UNDECLARED_SELECTOR = YES;
				GCC_WARN_UNINITIALIZED_AUTOS = YES_AGGRESSIVE;
				GCC_WARN_UNUSED_FUNCTION = YES;
				GCC_WARN_UNUSED_VARIABLE = YES;
				IPHONEOS_DEPLOYMENT_TARGET = 13.2;
				MTL_ENABLE_DEBUG_INFO = INCLUDE_SOURCE;
				MTL_FAST_MATH = YES;
				ONLY_ACTIVE_ARCH = YES;
				SDKROOT = iphoneos;
				SWIFT_ACTIVE_COMPILATION_CONDITIONS = DEBUG;
				SWIFT_OPTIMIZATION_LEVEL = "-Onone";
			};
			name = Debug;
		};
		171279C123FFF4B400C8233C /* Release */ = {
			isa = XCBuildConfiguration;
			buildSettings = {
				ALWAYS_SEARCH_USER_PATHS = NO;
				CLANG_ANALYZER_NONNULL = YES;
				CLANG_ANALYZER_NUMBER_OBJECT_CONVERSION = YES_AGGRESSIVE;
				CLANG_CXX_LANGUAGE_STANDARD = "gnu++14";
				CLANG_CXX_LIBRARY = "libc++";
				CLANG_ENABLE_MODULES = YES;
				CLANG_ENABLE_OBJC_ARC = YES;
				CLANG_ENABLE_OBJC_WEAK = YES;
				CLANG_WARN_BLOCK_CAPTURE_AUTORELEASING = YES;
				CLANG_WARN_BOOL_CONVERSION = YES;
				CLANG_WARN_COMMA = YES;
				CLANG_WARN_CONSTANT_CONVERSION = YES;
				CLANG_WARN_DEPRECATED_OBJC_IMPLEMENTATIONS = YES;
				CLANG_WARN_DIRECT_OBJC_ISA_USAGE = YES_ERROR;
				CLANG_WARN_DOCUMENTATION_COMMENTS = YES;
				CLANG_WARN_EMPTY_BODY = YES;
				CLANG_WARN_ENUM_CONVERSION = YES;
				CLANG_WARN_INFINITE_RECURSION = YES;
				CLANG_WARN_INT_CONVERSION = YES;
				CLANG_WARN_NON_LITERAL_NULL_CONVERSION = YES;
				CLANG_WARN_OBJC_IMPLICIT_RETAIN_SELF = YES;
				CLANG_WARN_OBJC_LITERAL_CONVERSION = YES;
				CLANG_WARN_OBJC_ROOT_CLASS = YES_ERROR;
				CLANG_WARN_RANGE_LOOP_ANALYSIS = YES;
				CLANG_WARN_STRICT_PROTOTYPES = YES;
				CLANG_WARN_SUSPICIOUS_MOVE = YES;
				CLANG_WARN_UNGUARDED_AVAILABILITY = YES_AGGRESSIVE;
				CLANG_WARN_UNREACHABLE_CODE = YES;
				CLANG_WARN__DUPLICATE_METHOD_MATCH = YES;
				COPY_PHASE_STRIP = NO;
				DEBUG_INFORMATION_FORMAT = "dwarf-with-dsym";
				ENABLE_NS_ASSERTIONS = NO;
				ENABLE_STRICT_OBJC_MSGSEND = YES;
				GCC_C_LANGUAGE_STANDARD = gnu11;
				GCC_NO_COMMON_BLOCKS = YES;
				GCC_WARN_64_TO_32_BIT_CONVERSION = YES;
				GCC_WARN_ABOUT_RETURN_TYPE = YES_ERROR;
				GCC_WARN_UNDECLARED_SELECTOR = YES;
				GCC_WARN_UNINITIALIZED_AUTOS = YES_AGGRESSIVE;
				GCC_WARN_UNUSED_FUNCTION = YES;
				GCC_WARN_UNUSED_VARIABLE = YES;
				IPHONEOS_DEPLOYMENT_TARGET = 13.2;
				MTL_ENABLE_DEBUG_INFO = NO;
				MTL_FAST_MATH = YES;
				SDKROOT = iphoneos;
				SWIFT_COMPILATION_MODE = wholemodule;
				SWIFT_OPTIMIZATION_LEVEL = "-O";
				VALIDATE_PRODUCT = YES;
			};
			name = Release;
		};
		171279C323FFF4B400C8233C /* Debug */ = {
			isa = XCBuildConfiguration;
			baseConfigurationReference = A92E7AE6936A6E17D1456C59 /* Pods-techTest.debug.xcconfig */;
			buildSettings = {
				ASSETCATALOG_COMPILER_APPICON_NAME = AppIcon;
				CODE_SIGN_STYLE = Automatic;
				DEVELOPMENT_TEAM = QD4KUK365R;
				INFOPLIST_FILE = techTest/Info.plist;
				LD_RUNPATH_SEARCH_PATHS = (
					"$(inherited)",
					"@executable_path/Frameworks",
				);
				PRODUCT_BUNDLE_IDENTIFIER = supanut.inc.techTest;
				PRODUCT_NAME = "$(TARGET_NAME)";
				SWIFT_VERSION = 5.0;
				TARGETED_DEVICE_FAMILY = "1,2";
			};
			name = Debug;
		};
		171279C423FFF4B400C8233C /* Release */ = {
			isa = XCBuildConfiguration;
			baseConfigurationReference = 5DEB8EA62C9AEA6983AC6A5C /* Pods-techTest.release.xcconfig */;
			buildSettings = {
				ASSETCATALOG_COMPILER_APPICON_NAME = AppIcon;
				CODE_SIGN_STYLE = Automatic;
				DEVELOPMENT_TEAM = QD4KUK365R;
				INFOPLIST_FILE = techTest/Info.plist;
				LD_RUNPATH_SEARCH_PATHS = (
					"$(inherited)",
					"@executable_path/Frameworks",
				);
				PRODUCT_BUNDLE_IDENTIFIER = supanut.inc.techTest;
				PRODUCT_NAME = "$(TARGET_NAME)";
				SWIFT_VERSION = 5.0;
				TARGETED_DEVICE_FAMILY = "1,2";
			};
			name = Release;
		};
/* End XCBuildConfiguration section */

/* Begin XCConfigurationList section */
		171279A923FFF4B100C8233C /* Build configuration list for PBXProject "techTest" */ = {
			isa = XCConfigurationList;
			buildConfigurations = (
				171279C023FFF4B400C8233C /* Debug */,
				171279C123FFF4B400C8233C /* Release */,
			);
			defaultConfigurationIsVisible = 0;
			defaultConfigurationName = Release;
		};
		171279C223FFF4B400C8233C /* Build configuration list for PBXNativeTarget "techTest" */ = {
			isa = XCConfigurationList;
			buildConfigurations = (
				171279C323FFF4B400C8233C /* Debug */,
				171279C423FFF4B400C8233C /* Release */,
			);
			defaultConfigurationIsVisible = 0;
			defaultConfigurationName = Release;
		};
/* End XCConfigurationList section */
	};
	rootObject = 171279A623FFF4B100C8233C /* Project object */;
}
